// !$*UTF8*$!
{
	archiveVersion = 1;
	classes = {
	};
	objectVersion = 56;
	objects = {

/* Begin PBXBuildFile section */
		3326607B2C441CDA00CDC551 /* Constants.swift in Sources */ = {isa = PBXBuildFile; fileRef = 3326607A2C441CDA00CDC551 /* Constants.swift */; };
		3326607D2C441E5100CDC551 /* Notes.rtf in Resources */ = {isa = PBXBuildFile; fileRef = 3326607C2C441E5100CDC551 /* Notes.rtf */; };
		332660802C44265000CDC551 /* Episode.swift in Sources */ = {isa = PBXBuildFile; fileRef = 3326607F2C44265000CDC551 /* Episode.swift */; };
		3344EAC72C4294D100FA084B /* CharectorView.swift in Sources */ = {isa = PBXBuildFile; fileRef = 3344EAC62C4294D100FA084B /* CharectorView.swift */; };
		3344EAC92C42B6B100FA084B /* sampleepisode.json in Resources */ = {isa = PBXBuildFile; fileRef = 3344EAC82C42B6B100FA084B /* sampleepisode.json */; };
		336AC8E12C3D9C78007D098C /* QuoteView.swift in Sources */ = {isa = PBXBuildFile; fileRef = 336AC8E02C3D9C78007D098C /* QuoteView.swift */; };
		3376A1232C3AAE96002CCB14 /* BBQuotesApp.swift in Sources */ = {isa = PBXBuildFile; fileRef = 3376A1222C3AAE96002CCB14 /* BBQuotesApp.swift */; };
		3376A1252C3AAE96002CCB14 /* ContentView.swift in Sources */ = {isa = PBXBuildFile; fileRef = 3376A1242C3AAE96002CCB14 /* ContentView.swift */; };
		3376A1272C3AAE97002CCB14 /* Assets.xcassets in Resources */ = {isa = PBXBuildFile; fileRef = 3376A1262C3AAE97002CCB14 /* Assets.xcassets */; };
		3376A12A2C3AAE97002CCB14 /* Preview Assets.xcassets in Resources */ = {isa = PBXBuildFile; fileRef = 3376A1292C3AAE97002CCB14 /* Preview Assets.xcassets */; };
		3376A1342C3AAE97002CCB14 /* BBQuotesTests.swift in Sources */ = {isa = PBXBuildFile; fileRef = 3376A1332C3AAE97002CCB14 /* BBQuotesTests.swift */; };
		3376A13E2C3AAE97002CCB14 /* BBQuotesUITests.swift in Sources */ = {isa = PBXBuildFile; fileRef = 3376A13D2C3AAE97002CCB14 /* BBQuotesUITests.swift */; };
		3376A1402C3AAE97002CCB14 /* BBQuotesUITestsLaunchTests.swift in Sources */ = {isa = PBXBuildFile; fileRef = 3376A13F2C3AAE97002CCB14 /* BBQuotesUITestsLaunchTests.swift */; };
		3376A1502C3AAFE1002CCB14 /* samplecharacter.json in Resources */ = {isa = PBXBuildFile; fileRef = 3376A14D2C3AAFE1002CCB14 /* samplecharacter.json */; };
		3376A1512C3AAFE1002CCB14 /* sampledeath.json in Resources */ = {isa = PBXBuildFile; fileRef = 3376A14E2C3AAFE1002CCB14 /* sampledeath.json */; };
		3376A1522C3AAFE1002CCB14 /* samplequote.json in Resources */ = {isa = PBXBuildFile; fileRef = 3376A14F2C3AAFE1002CCB14 /* samplequote.json */; };
		3376A1552C3AB582002CCB14 /* QuoteModel.swift in Sources */ = {isa = PBXBuildFile; fileRef = 3376A1542C3AB582002CCB14 /* QuoteModel.swift */; };
		3376A1572C3AB5BA002CCB14 /* CharectorModel.swift in Sources */ = {isa = PBXBuildFile; fileRef = 3376A1562C3AB5BA002CCB14 /* CharectorModel.swift */; };
		3376A1592C3AB7E1002CCB14 /* DeathModel.swift in Sources */ = {isa = PBXBuildFile; fileRef = 3376A1582C3AB7E1002CCB14 /* DeathModel.swift */; };
		3376A15B2C3AD3CE002CCB14 /* FetchServices.swift in Sources */ = {isa = PBXBuildFile; fileRef = 3376A15A2C3AD3CE002CCB14 /* FetchServices.swift */; };
		33F80A8E2C3C3A6D00D4E90C /* TestFileView.swift in Sources */ = {isa = PBXBuildFile; fileRef = 33F80A8D2C3C3A6D00D4E90C /* TestFileView.swift */; };
		33F80A902C3C3CEE00D4E90C /* Test.swift in Sources */ = {isa = PBXBuildFile; fileRef = 33F80A8F2C3C3CEE00D4E90C /* Test.swift */; };
		33F80A982C3C497000D4E90C /* ViewModel.swift in Sources */ = {isa = PBXBuildFile; fileRef = 33F80A972C3C497000D4E90C /* ViewModel.swift */; };
/* End PBXBuildFile section */

/* Begin PBXContainerItemProxy section */
		3376A1302C3AAE97002CCB14 /* PBXContainerItemProxy */ = {
			isa = PBXContainerItemProxy;
			containerPortal = 3376A1172C3AAE96002CCB14 /* Project object */;
			proxyType = 1;
			remoteGlobalIDString = 3376A11E2C3AAE96002CCB14;
			remoteInfo = BBQuotes;
		};
		3376A13A2C3AAE97002CCB14 /* PBXContainerItemProxy */ = {
			isa = PBXContainerItemProxy;
			containerPortal = 3376A1172C3AAE96002CCB14 /* Project object */;
			proxyType = 1;
			remoteGlobalIDString = 3376A11E2C3AAE96002CCB14;
			remoteInfo = BBQuotes;
		};
/* End PBXContainerItemProxy section */

/* Begin PBXFileReference section */
		3326607A2C441CDA00CDC551 /* Constants.swift */ = {isa = PBXFileReference; lastKnownFileType = sourcecode.swift; path = Constants.swift; sourceTree = "<group>"; };
		3326607C2C441E5100CDC551 /* Notes.rtf */ = {isa = PBXFileReference; lastKnownFileType = text.rtf; path = Notes.rtf; sourceTree = "<group>"; };
		3326607E2C441EF100CDC551 /* NewEmptyNotes.md */ = {isa = PBXFileReference; lastKnownFileType = net.daringfireball.markdown; path = NewEmptyNotes.md; sourceTree = "<group>"; };
		3326607F2C44265000CDC551 /* Episode.swift */ = {isa = PBXFileReference; lastKnownFileType = sourcecode.swift; path = Episode.swift; sourceTree = "<group>"; };
		3344EAC62C4294D100FA084B /* CharectorView.swift */ = {isa = PBXFileReference; lastKnownFileType = sourcecode.swift; path = CharectorView.swift; sourceTree = "<group>"; };
		3344EAC82C42B6B100FA084B /* sampleepisode.json */ = {isa = PBXFileReference; fileEncoding = 4; lastKnownFileType = text.json; path = sampleepisode.json; sourceTree = "<group>"; };
		336AC8E02C3D9C78007D098C /* QuoteView.swift */ = {isa = PBXFileReference; lastKnownFileType = sourcecode.swift; path = QuoteView.swift; sourceTree = "<group>"; };
		3376A11F2C3AAE96002CCB14 /* BBQuotes.app */ = {isa = PBXFileReference; explicitFileType = wrapper.application; includeInIndex = 0; path = BBQuotes.app; sourceTree = BUILT_PRODUCTS_DIR; };
		3376A1222C3AAE96002CCB14 /* BBQuotesApp.swift */ = {isa = PBXFileReference; lastKnownFileType = sourcecode.swift; path = BBQuotesApp.swift; sourceTree = "<group>"; };
		3376A1242C3AAE96002CCB14 /* ContentView.swift */ = {isa = PBXFileReference; lastKnownFileType = sourcecode.swift; path = ContentView.swift; sourceTree = "<group>"; };
		3376A1262C3AAE97002CCB14 /* Assets.xcassets */ = {isa = PBXFileReference; lastKnownFileType = folder.assetcatalog; path = Assets.xcassets; sourceTree = "<group>"; };
		3376A1292C3AAE97002CCB14 /* Preview Assets.xcassets */ = {isa = PBXFileReference; lastKnownFileType = folder.assetcatalog; path = "Preview Assets.xcassets"; sourceTree = "<group>"; };
		3376A12F2C3AAE97002CCB14 /* BBQuotesTests.xctest */ = {isa = PBXFileReference; explicitFileType = wrapper.cfbundle; includeInIndex = 0; path = BBQuotesTests.xctest; sourceTree = BUILT_PRODUCTS_DIR; };
		3376A1332C3AAE97002CCB14 /* BBQuotesTests.swift */ = {isa = PBXFileReference; lastKnownFileType = sourcecode.swift; path = BBQuotesTests.swift; sourceTree = "<group>"; };
		3376A1392C3AAE97002CCB14 /* BBQuotesUITests.xctest */ = {isa = PBXFileReference; explicitFileType = wrapper.cfbundle; includeInIndex = 0; path = BBQuotesUITests.xctest; sourceTree = BUILT_PRODUCTS_DIR; };
		3376A13D2C3AAE97002CCB14 /* BBQuotesUITests.swift */ = {isa = PBXFileReference; lastKnownFileType = sourcecode.swift; path = BBQuotesUITests.swift; sourceTree = "<group>"; };
		3376A13F2C3AAE97002CCB14 /* BBQuotesUITestsLaunchTests.swift */ = {isa = PBXFileReference; lastKnownFileType = sourcecode.swift; path = BBQuotesUITestsLaunchTests.swift; sourceTree = "<group>"; };
		3376A14D2C3AAFE1002CCB14 /* samplecharacter.json */ = {isa = PBXFileReference; fileEncoding = 4; lastKnownFileType = text.json; path = samplecharacter.json; sourceTree = "<group>"; };
		3376A14E2C3AAFE1002CCB14 /* sampledeath.json */ = {isa = PBXFileReference; fileEncoding = 4; lastKnownFileType = text.json; path = sampledeath.json; sourceTree = "<group>"; };
		3376A14F2C3AAFE1002CCB14 /* samplequote.json */ = {isa = PBXFileReference; fileEncoding = 4; lastKnownFileType = text.json; path = samplequote.json; sourceTree = "<group>"; };
		3376A1542C3AB582002CCB14 /* QuoteModel.swift */ = {isa = PBXFileReference; lastKnownFileType = sourcecode.swift; path = QuoteModel.swift; sourceTree = "<group>"; };
		3376A1562C3AB5BA002CCB14 /* CharectorModel.swift */ = {isa = PBXFileReference; lastKnownFileType = sourcecode.swift; path = CharectorModel.swift; sourceTree = "<group>"; };
		3376A1582C3AB7E1002CCB14 /* DeathModel.swift */ = {isa = PBXFileReference; lastKnownFileType = sourcecode.swift; path = DeathModel.swift; sourceTree = "<group>"; };
		3376A15A2C3AD3CE002CCB14 /* FetchServices.swift */ = {isa = PBXFileReference; lastKnownFileType = sourcecode.swift; path = FetchServices.swift; sourceTree = "<group>"; };
		33F80A8D2C3C3A6D00D4E90C /* TestFileView.swift */ = {isa = PBXFileReference; lastKnownFileType = sourcecode.swift; path = TestFileView.swift; sourceTree = "<group>"; };
		33F80A8F2C3C3CEE00D4E90C /* Test.swift */ = {isa = PBXFileReference; lastKnownFileType = sourcecode.swift; path = Test.swift; sourceTree = "<group>"; };
		33F80A972C3C497000D4E90C /* ViewModel.swift */ = {isa = PBXFileReference; lastKnownFileType = sourcecode.swift; path = ViewModel.swift; sourceTree = "<group>"; };
/* End PBXFileReference section */

/* Begin PBXFrameworksBuildPhase section */
		3376A11C2C3AAE96002CCB14 /* Frameworks */ = {
			isa = PBXFrameworksBuildPhase;
			buildActionMask = 2147483647;
			files = (
			);
			runOnlyForDeploymentPostprocessing = 0;
		};
		3376A12C2C3AAE97002CCB14 /* Frameworks */ = {
			isa = PBXFrameworksBuildPhase;
			buildActionMask = 2147483647;
			files = (
			);
			runOnlyForDeploymentPostprocessing = 0;
		};
		3376A1362C3AAE97002CCB14 /* Frameworks */ = {
			isa = PBXFrameworksBuildPhase;
			buildActionMask = 2147483647;
			files = (
			);
			runOnlyForDeploymentPostprocessing = 0;
		};
/* End PBXFrameworksBuildPhase section */

/* Begin PBXGroup section */
		3376A1162C3AAE96002CCB14 = {
			isa = PBXGroup;
			children = (
				3376A1212C3AAE96002CCB14 /* BBQuotes */,
				3376A1322C3AAE97002CCB14 /* BBQuotesTests */,
				3376A13C2C3AAE97002CCB14 /* BBQuotesUITests */,
				3376A1202C3AAE96002CCB14 /* Products */,
			);
			sourceTree = "<group>";
		};
		3376A1202C3AAE96002CCB14 /* Products */ = {
			isa = PBXGroup;
			children = (
				3376A11F2C3AAE96002CCB14 /* BBQuotes.app */,
				3376A12F2C3AAE97002CCB14 /* BBQuotesTests.xctest */,
				3376A1392C3AAE97002CCB14 /* BBQuotesUITests.xctest */,
			);
			name = Products;
			sourceTree = "<group>";
		};
		3376A1212C3AAE96002CCB14 /* BBQuotes */ = {
			isa = PBXGroup;
			children = (
				3376A1222C3AAE96002CCB14 /* BBQuotesApp.swift */,
				3376A1242C3AAE96002CCB14 /* ContentView.swift */,
				3326607E2C441EF100CDC551 /* NewEmptyNotes.md */,
				336AC8E02C3D9C78007D098C /* QuoteView.swift */,
				33F80A8F2C3C3CEE00D4E90C /* Test.swift */,
				3326607C2C441E5100CDC551 /* Notes.rtf */,
				3326607A2C441CDA00CDC551 /* Constants.swift */,
				3344EAC62C4294D100FA084B /* CharectorView.swift */,
				3376A15A2C3AD3CE002CCB14 /* FetchServices.swift */,
				33F80A972C3C497000D4E90C /* ViewModel.swift */,
				33F80A8D2C3C3A6D00D4E90C /* TestFileView.swift */,
				3376A1262C3AAE97002CCB14 /* Assets.xcassets */,
				3376A1532C3AB575002CCB14 /* Models */,
				3376A14C2C3AAFC5002CCB14 /* SampleData */,
				3376A1282C3AAE97002CCB14 /* Preview Content */,
			);
			path = BBQuotes;
			sourceTree = "<group>";
		};
		3376A1282C3AAE97002CCB14 /* Preview Content */ = {
			isa = PBXGroup;
			children = (
				3376A1292C3AAE97002CCB14 /* Preview Assets.xcassets */,
			);
			path = "Preview Content";
			sourceTree = "<group>";
		};
		3376A1322C3AAE97002CCB14 /* BBQuotesTests */ = {
			isa = PBXGroup;
			children = (
				3376A1332C3AAE97002CCB14 /* BBQuotesTests.swift */,
			);
			path = BBQuotesTests;
			sourceTree = "<group>";
		};
		3376A13C2C3AAE97002CCB14 /* BBQuotesUITests */ = {
			isa = PBXGroup;
			children = (
				3376A13D2C3AAE97002CCB14 /* BBQuotesUITests.swift */,
				3376A13F2C3AAE97002CCB14 /* BBQuotesUITestsLaunchTests.swift */,
			);
			path = BBQuotesUITests;
			sourceTree = "<group>";
		};
		3376A14C2C3AAFC5002CCB14 /* SampleData */ = {
			isa = PBXGroup;
			children = (
				3376A14D2C3AAFE1002CCB14 /* samplecharacter.json */,
				3344EAC82C42B6B100FA084B /* sampleepisode.json */,
				3376A14E2C3AAFE1002CCB14 /* sampledeath.json */,
				3376A14F2C3AAFE1002CCB14 /* samplequote.json */,
			);
			path = SampleData;
			sourceTree = "<group>";
		};
		3376A1532C3AB575002CCB14 /* Models */ = {
			isa = PBXGroup;
			children = (
				3376A1542C3AB582002CCB14 /* QuoteModel.swift */,
				3376A1562C3AB5BA002CCB14 /* CharectorModel.swift */,
				3376A1582C3AB7E1002CCB14 /* DeathModel.swift */,
				3326607F2C44265000CDC551 /* Episode.swift */,
			);
			path = Models;
			sourceTree = "<group>";
		};
/* End PBXGroup section */

/* Begin PBXNativeTarget section */
		3376A11E2C3AAE96002CCB14 /* BBQuotes */ = {
			isa = PBXNativeTarget;
			buildConfigurationList = 3376A1432C3AAE97002CCB14 /* Build configuration list for PBXNativeTarget "BBQuotes" */;
			buildPhases = (
				3376A11B2C3AAE96002CCB14 /* Sources */,
				3376A11C2C3AAE96002CCB14 /* Frameworks */,
				3376A11D2C3AAE96002CCB14 /* Resources */,
			);
			buildRules = (
			);
			dependencies = (
			);
			name = BBQuotes;
			productName = BBQuotes;
			productReference = 3376A11F2C3AAE96002CCB14 /* BBQuotes.app */;
			productType = "com.apple.product-type.application";
		};
		3376A12E2C3AAE97002CCB14 /* BBQuotesTests */ = {
			isa = PBXNativeTarget;
			buildConfigurationList = 3376A1462C3AAE97002CCB14 /* Build configuration list for PBXNativeTarget "BBQuotesTests" */;
			buildPhases = (
				3376A12B2C3AAE97002CCB14 /* Sources */,
				3376A12C2C3AAE97002CCB14 /* Frameworks */,
				3376A12D2C3AAE97002CCB14 /* Resources */,
			);
			buildRules = (
			);
			dependencies = (
				3376A1312C3AAE97002CCB14 /* PBXTargetDependency */,
			);
			name = BBQuotesTests;
			productName = BBQuotesTests;
			productReference = 3376A12F2C3AAE97002CCB14 /* BBQuotesTests.xctest */;
			productType = "com.apple.product-type.bundle.unit-test";
		};
		3376A1382C3AAE97002CCB14 /* BBQuotesUITests */ = {
			isa = PBXNativeTarget;
			buildConfigurationList = 3376A1492C3AAE97002CCB14 /* Build configuration list for PBXNativeTarget "BBQuotesUITests" */;
			buildPhases = (
				3376A1352C3AAE97002CCB14 /* Sources */,
				3376A1362C3AAE97002CCB14 /* Frameworks */,
				3376A1372C3AAE97002CCB14 /* Resources */,
			);
			buildRules = (
			);
			dependencies = (
				3376A13B2C3AAE97002CCB14 /* PBXTargetDependency */,
			);
			name = BBQuotesUITests;
			productName = BBQuotesUITests;
			productReference = 3376A1392C3AAE97002CCB14 /* BBQuotesUITests.xctest */;
			productType = "com.apple.product-type.bundle.ui-testing";
		};
/* End PBXNativeTarget section */

/* Begin PBXProject section */
		3376A1172C3AAE96002CCB14 /* Project object */ = {
			isa = PBXProject;
			attributes = {
				BuildIndependentTargetsInParallel = 1;
				LastSwiftUpdateCheck = 1540;
				LastUpgradeCheck = 1540;
				TargetAttributes = {
					3376A11E2C3AAE96002CCB14 = {
						CreatedOnToolsVersion = 15.4;
					};
					3376A12E2C3AAE97002CCB14 = {
						CreatedOnToolsVersion = 15.4;
						TestTargetID = 3376A11E2C3AAE96002CCB14;
					};
					3376A1382C3AAE97002CCB14 = {
						CreatedOnToolsVersion = 15.4;
						TestTargetID = 3376A11E2C3AAE96002CCB14;
					};
				};
			};
			buildConfigurationList = 3376A11A2C3AAE96002CCB14 /* Build configuration list for PBXProject "BBQuotes" */;
			compatibilityVersion = "Xcode 14.0";
			developmentRegion = en;
			hasScannedForEncodings = 0;
			knownRegions = (
				en,
				Base,
			);
			mainGroup = 3376A1162C3AAE96002CCB14;
			productRefGroup = 3376A1202C3AAE96002CCB14 /* Products */;
			projectDirPath = "";
			projectRoot = "";
			targets = (
				3376A11E2C3AAE96002CCB14 /* BBQuotes */,
				3376A12E2C3AAE97002CCB14 /* BBQuotesTests */,
				3376A1382C3AAE97002CCB14 /* BBQuotesUITests */,
			);
		};
/* End PBXProject section */

/* Begin PBXResourcesBuildPhase section */
		3376A11D2C3AAE96002CCB14 /* Resources */ = {
			isa = PBXResourcesBuildPhase;
			buildActionMask = 2147483647;
			files = (
				3376A1512C3AAFE1002CCB14 /* sampledeath.json in Resources */,
				3344EAC92C42B6B100FA084B /* sampleepisode.json in Resources */,
				3376A12A2C3AAE97002CCB14 /* Preview Assets.xcassets in Resources */,
				3376A1502C3AAFE1002CCB14 /* samplecharacter.json in Resources */,
				3326607D2C441E5100CDC551 /* Notes.rtf in Resources */,
				3376A1522C3AAFE1002CCB14 /* samplequote.json in Resources */,
				3376A1272C3AAE97002CCB14 /* Assets.xcassets in Resources */,
			);
			runOnlyForDeploymentPostprocessing = 0;
		};
		3376A12D2C3AAE97002CCB14 /* Resources */ = {
			isa = PBXResourcesBuildPhase;
			buildActionMask = 2147483647;
			files = (
			);
			runOnlyForDeploymentPostprocessing = 0;
		};
		3376A1372C3AAE97002CCB14 /* Resources */ = {
			isa = PBXResourcesBuildPhase;
			buildActionMask = 2147483647;
			files = (
			);
			runOnlyForDeploymentPostprocessing = 0;
		};
/* End PBXResourcesBuildPhase section */

/* Begin PBXSourcesBuildPhase section */
		3376A11B2C3AAE96002CCB14 /* Sources */ = {
			isa = PBXSourcesBuildPhase;
			buildActionMask = 2147483647;
			files = (
				33F80A8E2C3C3A6D00D4E90C /* TestFileView.swift in Sources */,
				336AC8E12C3D9C78007D098C /* QuoteView.swift in Sources */,
				33F80A982C3C497000D4E90C /* ViewModel.swift in Sources */,
				3376A1552C3AB582002CCB14 /* QuoteModel.swift in Sources */,
				3344EAC72C4294D100FA084B /* CharectorView.swift in Sources */,
				3376A1252C3AAE96002CCB14 /* ContentView.swift in Sources */,
				3376A1232C3AAE96002CCB14 /* BBQuotesApp.swift in Sources */,
				332660802C44265000CDC551 /* Episode.swift in Sources */,
				3376A1592C3AB7E1002CCB14 /* DeathModel.swift in Sources */,
				33F80A902C3C3CEE00D4E90C /* Test.swift in Sources */,
				3376A1572C3AB5BA002CCB14 /* CharectorModel.swift in Sources */,
				3376A15B2C3AD3CE002CCB14 /* FetchServices.swift in Sources */,
				3326607B2C441CDA00CDC551 /* Constants.swift in Sources */,
			);
			runOnlyForDeploymentPostprocessing = 0;
		};
		3376A12B2C3AAE97002CCB14 /* Sources */ = {
			isa = PBXSourcesBuildPhase;
			buildActionMask = 2147483647;
			files = (
				3376A1342C3AAE97002CCB14 /* BBQuotesTests.swift in Sources */,
			);
			runOnlyForDeploymentPostprocessing = 0;
		};
		3376A1352C3AAE97002CCB14 /* Sources */ = {
			isa = PBXSourcesBuildPhase;
			buildActionMask = 2147483647;
			files = (
				3376A1402C3AAE97002CCB14 /* BBQuotesUITestsLaunchTests.swift in Sources */,
				3376A13E2C3AAE97002CCB14 /* BBQuotesUITests.swift in Sources */,
			);
			runOnlyForDeploymentPostprocessing = 0;
		};
/* End PBXSourcesBuildPhase section */

/* Begin PBXTargetDependency section */
		3376A1312C3AAE97002CCB14 /* PBXTargetDependency */ = {
			isa = PBXTargetDependency;
			target = 3376A11E2C3AAE96002CCB14 /* BBQuotes */;
			targetProxy = 3376A1302C3AAE97002CCB14 /* PBXContainerItemProxy */;
		};
		3376A13B2C3AAE97002CCB14 /* PBXTargetDependency */ = {
			isa = PBXTargetDependency;
			target = 3376A11E2C3AAE96002CCB14 /* BBQuotes */;
			targetProxy = 3376A13A2C3AAE97002CCB14 /* PBXContainerItemProxy */;
		};
/* End PBXTargetDependency section */

/* Begin XCBuildConfiguration section */
		3376A1412C3AAE97002CCB14 /* Debug */ = {
			isa = XCBuildConfiguration;
			buildSettings = {
				ALWAYS_SEARCH_USER_PATHS = NO;
				ASSETCATALOG_COMPILER_GENERATE_SWIFT_ASSET_SYMBOL_EXTENSIONS = YES;
				CLANG_ANALYZER_NONNULL = YES;
				CLANG_ANALYZER_NUMBER_OBJECT_CONVERSION = YES_AGGRESSIVE;
				CLANG_CXX_LANGUAGE_STANDARD = "gnu++20";
				CLANG_ENABLE_MODULES = YES;
				CLANG_ENABLE_OBJC_ARC = YES;
				CLANG_ENABLE_OBJC_WEAK = YES;
				CLANG_WARN_BLOCK_CAPTURE_AUTORELEASING = YES;
				CLANG_WARN_BOOL_CONVERSION = YES;
				CLANG_WARN_COMMA = YES;
				CLANG_WARN_CONSTANT_CONVERSION = YES;
				CLANG_WARN_DEPRECATED_OBJC_IMPLEMENTATIONS = YES;
				CLANG_WARN_DIRECT_OBJC_ISA_USAGE = YES_ERROR;
				CLANG_WARN_DOCUMENTATION_COMMENTS = YES;
				CLANG_WARN_EMPTY_BODY = YES;
				CLANG_WARN_ENUM_CONVERSION = YES;
				CLANG_WARN_INFINITE_RECURSION = YES;
				CLANG_WARN_INT_CONVERSION = YES;
				CLANG_WARN_NON_LITERAL_NULL_CONVERSION = YES;
				CLANG_WARN_OBJC_IMPLICIT_RETAIN_SELF = YES;
				CLANG_WARN_OBJC_LITERAL_CONVERSION = YES;
				CLANG_WARN_OBJC_ROOT_CLASS = YES_ERROR;
				CLANG_WARN_QUOTED_INCLUDE_IN_FRAMEWORK_HEADER = YES;
				CLANG_WARN_RANGE_LOOP_ANALYSIS = YES;
				CLANG_WARN_STRICT_PROTOTYPES = YES;
				CLANG_WARN_SUSPICIOUS_MOVE = YES;
				CLANG_WARN_UNGUARDED_AVAILABILITY = YES_AGGRESSIVE;
				CLANG_WARN_UNREACHABLE_CODE = YES;
				CLANG_WARN__DUPLICATE_METHOD_MATCH = YES;
				COPY_PHASE_STRIP = NO;
				DEBUG_INFORMATION_FORMAT = dwarf;
				ENABLE_STRICT_OBJC_MSGSEND = YES;
				ENABLE_TESTABILITY = YES;
				ENABLE_USER_SCRIPT_SANDBOXING = YES;
				GCC_C_LANGUAGE_STANDARD = gnu17;
				GCC_DYNAMIC_NO_PIC = NO;
				GCC_NO_COMMON_BLOCKS = YES;
				GCC_OPTIMIZATION_LEVEL = 0;
				GCC_PREPROCESSOR_DEFINITIONS = (
					"DEBUG=1",
					"$(inherited)",
				);
				GCC_WARN_64_TO_32_BIT_CONVERSION = YES;
				GCC_WARN_ABOUT_RETURN_TYPE = YES_ERROR;
				GCC_WARN_UNDECLARED_SELECTOR = YES;
				GCC_WARN_UNINITIALIZED_AUTOS = YES_AGGRESSIVE;
				GCC_WARN_UNUSED_FUNCTION = YES;
				GCC_WARN_UNUSED_VARIABLE = YES;
				IPHONEOS_DEPLOYMENT_TARGET = 17.5;
				LOCALIZATION_PREFERS_STRING_CATALOGS = YES;
				MTL_ENABLE_DEBUG_INFO = INCLUDE_SOURCE;
				MTL_FAST_MATH = YES;
				ONLY_ACTIVE_ARCH = YES;
				SDKROOT = iphoneos;
				SWIFT_ACTIVE_COMPILATION_CONDITIONS = "DEBUG $(inherited)";
				SWIFT_OPTIMIZATION_LEVEL = "-Onone";
			};
			name = Debug;
		};
		3376A1422C3AAE97002CCB14 /* Release */ = {
			isa = XCBuildConfiguration;
			buildSettings = {
				ALWAYS_SEARCH_USER_PATHS = NO;
				ASSETCATALOG_COMPILER_GENERATE_SWIFT_ASSET_SYMBOL_EXTENSIONS = YES;
				CLANG_ANALYZER_NONNULL = YES;
				CLANG_ANALYZER_NUMBER_OBJECT_CONVERSION = YES_AGGRESSIVE;
				CLANG_CXX_LANGUAGE_STANDARD = "gnu++20";
				CLANG_ENABLE_MODULES = YES;
				CLANG_ENABLE_OBJC_ARC = YES;
				CLANG_ENABLE_OBJC_WEAK = YES;
				CLANG_WARN_BLOCK_CAPTURE_AUTORELEASING = YES;
				CLANG_WARN_BOOL_CONVERSION = YES;
				CLANG_WARN_COMMA = YES;
				CLANG_WARN_CONSTANT_CONVERSION = YES;
				CLANG_WARN_DEPRECATED_OBJC_IMPLEMENTATIONS = YES;
				CLANG_WARN_DIRECT_OBJC_ISA_USAGE = YES_ERROR;
				CLANG_WARN_DOCUMENTATION_COMMENTS = YES;
				CLANG_WARN_EMPTY_BODY = YES;
				CLANG_WARN_ENUM_CONVERSION = YES;
				CLANG_WARN_INFINITE_RECURSION = YES;
				CLANG_WARN_INT_CONVERSION = YES;
				CLANG_WARN_NON_LITERAL_NULL_CONVERSION = YES;
				CLANG_WARN_OBJC_IMPLICIT_RETAIN_SELF = YES;
				CLANG_WARN_OBJC_LITERAL_CONVERSION = YES;
				CLANG_WARN_OBJC_ROOT_CLASS = YES_ERROR;
				CLANG_WARN_QUOTED_INCLUDE_IN_FRAMEWORK_HEADER = YES;
				CLANG_WARN_RANGE_LOOP_ANALYSIS = YES;
				CLANG_WARN_STRICT_PROTOTYPES = YES;
				CLANG_WARN_SUSPICIOUS_MOVE = YES;
				CLANG_WARN_UNGUARDED_AVAILABILITY = YES_AGGRESSIVE;
				CLANG_WARN_UNREACHABLE_CODE = YES;
				CLANG_WARN__DUPLICATE_METHOD_MATCH = YES;
				COPY_PHASE_STRIP = NO;
				DEBUG_INFORMATION_FORMAT = "dwarf-with-dsym";
				ENABLE_NS_ASSERTIONS = NO;
				ENABLE_STRICT_OBJC_MSGSEND = YES;
				ENABLE_USER_SCRIPT_SANDBOXING = YES;
				GCC_C_LANGUAGE_STANDARD = gnu17;
				GCC_NO_COMMON_BLOCKS = YES;
				GCC_WARN_64_TO_32_BIT_CONVERSION = YES;
				GCC_WARN_ABOUT_RETURN_TYPE = YES_ERROR;
				GCC_WARN_UNDECLARED_SELECTOR = YES;
				GCC_WARN_UNINITIALIZED_AUTOS = YES_AGGRESSIVE;
				GCC_WARN_UNUSED_FUNCTION = YES;
				GCC_WARN_UNUSED_VARIABLE = YES;
				IPHONEOS_DEPLOYMENT_TARGET = 17.5;
				LOCALIZATION_PREFERS_STRING_CATALOGS = YES;
				MTL_ENABLE_DEBUG_INFO = NO;
				MTL_FAST_MATH = YES;
				SDKROOT = iphoneos;
				SWIFT_COMPILATION_MODE = wholemodule;
				VALIDATE_PRODUCT = YES;
			};
			name = Release;
		};
		3376A1442C3AAE97002CCB14 /* Debug */ = {
			isa = XCBuildConfiguration;
			buildSettings = {
				ASSETCATALOG_COMPILER_APPICON_NAME = AppIcon;
				ASSETCATALOG_COMPILER_GLOBAL_ACCENT_COLOR_NAME = AccentColor;
				CODE_SIGN_STYLE = Automatic;
				CURRENT_PROJECT_VERSION = 1;
				DEVELOPMENT_ASSET_PATHS = "\"BBQuotes/Preview Content\"";
				ENABLE_PREVIEWS = YES;
				GENERATE_INFOPLIST_FILE = YES;
				INFOPLIST_KEY_UIApplicationSceneManifest_Generation = YES;
				INFOPLIST_KEY_UIApplicationSupportsIndirectInputEvents = YES;
				INFOPLIST_KEY_UILaunchScreen_Generation = YES;
				INFOPLIST_KEY_UISupportedInterfaceOrientations_iPad = "UIInterfaceOrientationPortrait UIInterfaceOrientationPortraitUpsideDown UIInterfaceOrientationLandscapeLeft UIInterfaceOrientationLandscapeRight";
				INFOPLIST_KEY_UISupportedInterfaceOrientations_iPhone = "UIInterfaceOrientationPortrait UIInterfaceOrientationLandscapeLeft UIInterfaceOrientationLandscapeRight";
				LD_RUNPATH_SEARCH_PATHS = (
					"$(inherited)",
					"@executable_path/Frameworks",
				);
				MARKETING_VERSION = 1.0;
				PRODUCT_BUNDLE_IDENTIFIER = com.golu.BBQuotes;
				PRODUCT_NAME = "$(TARGET_NAME)";
				SWIFT_EMIT_LOC_STRINGS = YES;
				SWIFT_VERSION = 5.0;
				TARGETED_DEVICE_FAMILY = "1,2";
			};
			name = Debug;
		};
		3376A1452C3AAE97002CCB14 /* Release */ = {
			isa = XCBuildConfiguration;
			buildSettings = {
				ASSETCATALOG_COMPILER_APPICON_NAME = AppIcon;
				ASSETCATALOG_COMPILER_GLOBAL_ACCENT_COLOR_NAME = AccentColor;
				CODE_SIGN_STYLE = Automatic;
				CURRENT_PROJECT_VERSION = 1;
				DEVELOPMENT_ASSET_PATHS = "\"BBQuotes/Preview Content\"";
				ENABLE_PREVIEWS = YES;
				GENERATE_INFOPLIST_FILE = YES;
				INFOPLIST_KEY_UIApplicationSceneManifest_Generation = YES;
				INFOPLIST_KEY_UIApplicationSupportsIndirectInputEvents = YES;
				INFOPLIST_KEY_UILaunchScreen_Generation = YES;
				INFOPLIST_KEY_UISupportedInterfaceOrientations_iPad = "UIInterfaceOrientationPortrait UIInterfaceOrientationPortraitUpsideDown UIInterfaceOrientationLandscapeLeft UIInterfaceOrientationLandscapeRight";
				INFOPLIST_KEY_UISupportedInterfaceOrientations_iPhone = "UIInterfaceOrientationPortrait UIInterfaceOrientationLandscapeLeft UIInterfaceOrientationLandscapeRight";
				LD_RUNPATH_SEARCH_PATHS = (
					"$(inherited)",
					"@executable_path/Frameworks",
				);
				MARKETING_VERSION = 1.0;
				PRODUCT_BUNDLE_IDENTIFIER = com.golu.BBQuotes;
				PRODUCT_NAME = "$(TARGET_NAME)";
				SWIFT_EMIT_LOC_STRINGS = YES;
				SWIFT_VERSION = 5.0;
				TARGETED_DEVICE_FAMILY = "1,2";
			};
			name = Release;
		};
		3376A1472C3AAE97002CCB14 /* Debug */ = {
			isa = XCBuildConfiguration;
			buildSettings = {
				ALWAYS_EMBED_SWIFT_STANDARD_LIBRARIES = YES;
				BUNDLE_LOADER = "$(TEST_HOST)";
				CODE_SIGN_STYLE = Automatic;
				CURRENT_PROJECT_VERSION = 1;
				GENERATE_INFOPLIST_FILE = YES;
				IPHONEOS_DEPLOYMENT_TARGET = 17.5;
				MARKETING_VERSION = 1.0;
				PRODUCT_BUNDLE_IDENTIFIER = com.golu.BBQuotesTests;
				PRODUCT_NAME = "$(TARGET_NAME)";
				SWIFT_EMIT_LOC_STRINGS = NO;
				SWIFT_VERSION = 5.0;
				TARGETED_DEVICE_FAMILY = "1,2";
				TEST_HOST = "$(BUILT_PRODUCTS_DIR)/BBQuotes.app/$(BUNDLE_EXECUTABLE_FOLDER_PATH)/BBQuotes";
			};
			name = Debug;
		};
		3376A1482C3AAE97002CCB14 /* Release */ = {
			isa = XCBuildConfiguration;
			buildSettings = {
				ALWAYS_EMBED_SWIFT_STANDARD_LIBRARIES = YES;
				BUNDLE_LOADER = "$(TEST_HOST)";
				CODE_SIGN_STYLE = Automatic;
				CURRENT_PROJECT_VERSION = 1;
				GENERATE_INFOPLIST_FILE = YES;
				IPHONEOS_DEPLOYMENT_TARGET = 17.5;
				MARKETING_VERSION = 1.0;
				PRODUCT_BUNDLE_IDENTIFIER = com.golu.BBQuotesTests;
				PRODUCT_NAME = "$(TARGET_NAME)";
				SWIFT_EMIT_LOC_STRINGS = NO;
				SWIFT_VERSION = 5.0;
				TARGETED_DEVICE_FAMILY = "1,2";
				TEST_HOST = "$(BUILT_PRODUCTS_DIR)/BBQuotes.app/$(BUNDLE_EXECUTABLE_FOLDER_PATH)/BBQuotes";
			};
			name = Release;
		};
		3376A14A2C3AAE97002CCB14 /* Debug */ = {
			isa = XCBuildConfiguration;
			buildSettings = {
				ALWAYS_EMBED_SWIFT_STANDARD_LIBRARIES = YES;
				CODE_SIGN_STYLE = Automatic;
				CURRENT_PROJECT_VERSION = 1;
				GENERATE_INFOPLIST_FILE = YES;
				MARKETING_VERSION = 1.0;
				PRODUCT_BUNDLE_IDENTIFIER = com.golu.BBQuotesUITests;
				PRODUCT_NAME = "$(TARGET_NAME)";
				SWIFT_EMIT_LOC_STRINGS = NO;
				SWIFT_VERSION = 5.0;
				TARGETED_DEVICE_FAMILY = "1,2";
				TEST_TARGET_NAME = BBQuotes;
			};
			name = Debug;
		};
		3376A14B2C3AAE97002CCB14 /* Release */ = {
			isa = XCBuildConfiguration;
			buildSettings = {
				ALWAYS_EMBED_SWIFT_STANDARD_LIBRARIES = YES;
				CODE_SIGN_STYLE = Automatic;
				CURRENT_PROJECT_VERSION = 1;
				GENERATE_INFOPLIST_FILE = YES;
				MARKETING_VERSION = 1.0;
				PRODUCT_BUNDLE_IDENTIFIER = com.golu.BBQuotesUITests;
				PRODUCT_NAME = "$(TARGET_NAME)";
				SWIFT_EMIT_LOC_STRINGS = NO;
				SWIFT_VERSION = 5.0;
				TARGETED_DEVICE_FAMILY = "1,2";
				TEST_TARGET_NAME = BBQuotes;
			};
			name = Release;
		};
/* End XCBuildConfiguration section */

/* Begin XCConfigurationList section */
		3376A11A2C3AAE96002CCB14 /* Build configuration list for PBXProject "BBQuotes" */ = {
			isa = XCConfigurationList;
			buildConfigurations = (
				3376A1412C3AAE97002CCB14 /* Debug */,
				3376A1422C3AAE97002CCB14 /* Release */,
			);
			defaultConfigurationIsVisible = 0;
			defaultConfigurationName = Release;
		};
		3376A1432C3AAE97002CCB14 /* Build configuration list for PBXNativeTarget "BBQuotes" */ = {
			isa = XCConfigurationList;
			buildConfigurations = (
				3376A1442C3AAE97002CCB14 /* Debug */,
				3376A1452C3AAE97002CCB14 /* Release */,
			);
			defaultConfigurationIsVisible = 0;
			defaultConfigurationName = Release;
		};
		3376A1462C3AAE97002CCB14 /* Build configuration list for PBXNativeTarget "BBQuotesTests" */ = {
			isa = XCConfigurationList;
			buildConfigurations = (
				3376A1472C3AAE97002CCB14 /* Debug */,
				3376A1482C3AAE97002CCB14 /* Release */,
			);
			defaultConfigurationIsVisible = 0;
			defaultConfigurationName = Release;
		};
		3376A1492C3AAE97002CCB14 /* Build configuration list for PBXNativeTarget "BBQuotesUITests" */ = {
			isa = XCConfigurationList;
			buildConfigurations = (
				3376A14A2C3AAE97002CCB14 /* Debug */,
				3376A14B2C3AAE97002CCB14 /* Release */,
			);
			defaultConfigurationIsVisible = 0;
			defaultConfigurationName = Release;
		};
/* End XCConfigurationList section */
	};
	rootObject = 3376A1172C3AAE96002CCB14 /* Project object */;
}
